
Microsoft Visual Studio Solution File, Format Version 10.00
# Visual Studio 2008
Project("{8BC9CEB8-8B4A-11D0-8D11-00A0C91BC942}") = "bbs-c02", "bbs-c02.vcproj", "{696AA353-26AE-4370-A524-2981193A3D6F}"
EndProject
Global
	GlobalSection(SolutionConfigurationPlatforms) = preSolution
		Debug|Win32 = Debug|Win32
		Release|Win32 = Release|Win32
	EndGlobalSection
	GlobalSection(ProjectConfigurationPlatforms) = postSolution
		{696AA353-26AE-4370-A524-2981193A3D6F}.Debug|Win32.ActiveCfg = Debug|Win32
		{696AA353-26AE-4370-A524-2981193A3D6F}.Debug|Win32.Build.0 = Debug|Win32
		{696AA353-26AE-4370-A524-2981193A3D6F}.Release|Win32.ActiveCfg = Release|Win32
		{696AA353-26AE-4370-A524-2981193A3D6F}.Release|Win32.Build.0 = Release|Win32
	EndGlobalSection
	GlobalSection(SolutionProperties) = preSolution
		HideSolutionNode = FALSE
	EndGlobalSection
EndGlobal
